{
  "nodes": {
    "nix-msb": {
      "inputs": {
        "nixpkgs": [
          "nixpkgs"
        ]
      },
      "locked": {
        "lastModified": 1779686029,
        "narHash": "sha256-uWHsfu/K4IUCf5EgcFyAWFNfKyszwVAB/YT2rETlq6k=",
        "owner": "conao3",
        "repo": "nix-msb",
        "rev": "ebc9d64eec71bd7fdbc65c202c927284a9e378a1",
        "type": "github"
      },
      "original": {
        "owner": "conao3",
        "repo": "nix-msb",
        "type": "github"
      }
    },
    "nixpkgs": {
      "locked": {
        "lastModified": 1779508470,
        "narHash": "sha256-Ap9KJX+5xHIn3bPIpfNgT6MEXdAECECwo4/rmlQD74M=",
        "owner": "NixOS",
        "repo": "nixpkgs",
        "rev": "29916453413845e54a65b8a1cf996842300cd299",
        "type": "github"
      },
      "original": {
        "owner": "NixOS",
        "ref": "nixos-unstable",
        "repo": "nixpkgs",
        "type": "github"
      }
    },
    "root": {
      "inputs": {
        "nix-msb": "nix-msb",
        "nixpkgs": "nixpkgs"
      }
    }
  },
  "root": "root",
  "version": 7
}
