{
  "nodes": {
    "nix-msb": {
      "inputs": {
        "nixpkgs": [
          "nixpkgs"
        ]
      },
      "locked": {
        "lastModified": 1779679678,
        "narHash": "sha256-A77qo9+SocnPn3DkLXhvvSbdAd2yKpRqzhGVnpf3ftY=",
        "owner": "conao3",
        "repo": "nix-msb",
        "rev": "7a2a893a4d20a53a5422af72517121f5ec85524e",
        "type": "github"
      },
      "original": {
        "owner": "conao3",
        "repo": "nix-msb",
        "type": "github"
      }
    },
    "nixpkgs": {
      "locked": {
        "lastModified": 1779508470,
        "narHash": "sha256-Ap9KJX+5xHIn3bPIpfNgT6MEXdAECECwo4/rmlQD74M=",
        "owner": "NixOS",
        "repo": "nixpkgs",
        "rev": "29916453413845e54a65b8a1cf996842300cd299",
        "type": "github"
      },
      "original": {
        "owner": "NixOS",
        "ref": "nixos-unstable",
        "repo": "nixpkgs",
        "type": "github"
      }
    },
    "root": {
      "inputs": {
        "nix-msb": "nix-msb",
        "nixpkgs": "nixpkgs"
      }
    }
  },
  "root": "root",
  "version": 7
}
